// !$*UTF8*$!
{
	archiveVersion = 1;
	classes = {
	};
	objectVersion = 46;
	objects = {

/* Begin PBXBuildFile section */
		542596331A9CC2D7000F1D73 /* GaugesDashboardInformationView.m in Sources */ = {isa = PBXBuildFile; fileRef = 542596321A9CC2D7000F1D73 /* GaugesDashboardInformationView.m */; };
		542D052A1A9DE916003F3769 /* ShinobiGauges.framework in Frameworks */ = {isa = PBXBuildFile; fileRef = 542D05291A9DE916003F3769 /* ShinobiGauges.framework */; };
		542D052D1A9DED29003F3769 /* UIColor+GaugesDashboardColor.m in Sources */ = {isa = PBXBuildFile; fileRef = 542D052C1A9DED29003F3769 /* UIColor+GaugesDashboardColor.m */; };
		542D05321A9DF3C7003F3769 /* GaugesDashboardRoomData.plist in Resources */ = {isa = PBXBuildFile; fileRef = 5425962F1A9CC213000F1D73 /* GaugesDashboardRoomData.plist */; };
		542D05351A9E12C3003F3769 /* GaugesDashboardRoomView.m in Sources */ = {isa = PBXBuildFile; fileRef = 542D05341A9E12C3003F3769 /* GaugesDashboardRoomView.m */; };
		542D05381A9E1402003F3769 /* GaugesDashboardRoomInfo.m in Sources */ = {isa = PBXBuildFile; fileRef = 542D05371A9E1402003F3769 /* GaugesDashboardRoomInfo.m */; };
		68171BE119ADDBC5000AFEEB /* Foundation.framework in Frameworks */ = {isa = PBXBuildFile; fileRef = 68171BE019ADDBC5000AFEEB /* Foundation.framework */; };
		68171BE319ADDBC5000AFEEB /* CoreGraphics.framework in Frameworks */ = {isa = PBXBuildFile; fileRef = 68171BE219ADDBC5000AFEEB /* CoreGraphics.framework */; };
		68171BE519ADDBC5000AFEEB /* UIKit.framework in Frameworks */ = {isa = PBXBuildFile; fileRef = 68171BE419ADDBC5000AFEEB /* UIKit.framework */; };
		68171BEB19ADDBC5000AFEEB /* InfoPlist.strings in Resources */ = {isa = PBXBuildFile; fileRef = 68171BE919ADDBC5000AFEEB /* InfoPlist.strings */; };
		68171BED19ADDBC5000AFEEB /* main.m in Sources */ = {isa = PBXBuildFile; fileRef = 68171BEC19ADDBC5000AFEEB /* main.m */; };
		68171BF119ADDBC5000AFEEB /* GaugesDashboardAppDelegate.m in Sources */ = {isa = PBXBuildFile; fileRef = 68171BF019ADDBC5000AFEEB /* GaugesDashboardAppDelegate.m */; };
		68171BF419ADDBC5000AFEEB /* GaugesDashboard.storyboard in Resources */ = {isa = PBXBuildFile; fileRef = 68171BF219ADDBC5000AFEEB /* GaugesDashboard.storyboard */; };
		68171BF719ADDBC5000AFEEB /* GaugesDashboardViewController.m in Sources */ = {isa = PBXBuildFile; fileRef = 68171BF619ADDBC5000AFEEB /* GaugesDashboardViewController.m */; };
		68171BF919ADDBC5000AFEEB /* Images.xcassets in Resources */ = {isa = PBXBuildFile; fileRef = 68171BF819ADDBC5000AFEEB /* Images.xcassets */; };
		68171C1619ADDC04000AFEEB /* QuartzCore.framework in Frameworks */ = {isa = PBXBuildFile; fileRef = 68171C1519ADDC04000AFEEB /* QuartzCore.framework */; };
		68171C2219ADDCD6000AFEEB /* libShinobiPlayUtils.a in Frameworks */ = {isa = PBXBuildFile; fileRef = 68171C1D19ADDC45000AFEEB /* libShinobiPlayUtils.a */; };
		68FCB4C21A6E595300A48C86 /* Roboto-Black.ttf in Resources */ = {isa = PBXBuildFile; fileRef = 68FCB4B61A6E595300A48C86 /* Roboto-Black.ttf */; };
		68FCB4C31A6E595300A48C86 /* Roboto-BlackItalic.ttf in Resources */ = {isa = PBXBuildFile; fileRef = 68FCB4B71A6E595300A48C86 /* Roboto-BlackItalic.ttf */; };
		68FCB4C41A6E595300A48C86 /* Roboto-Bold.ttf in Resources */ = {isa = PBXBuildFile; fileRef = 68FCB4B81A6E595300A48C86 /* Roboto-Bold.ttf */; };
		68FCB4C51A6E595300A48C86 /* Roboto-BoldItalic.ttf in Resources */ = {isa = PBXBuildFile; fileRef = 68FCB4B91A6E595300A48C86 /* Roboto-BoldItalic.ttf */; };
		68FCB4C61A6E595300A48C86 /* Roboto-Italic.ttf in Resources */ = {isa = PBXBuildFile; fileRef = 68FCB4BA1A6E595300A48C86 /* Roboto-Italic.ttf */; };
		68FCB4C71A6E595300A48C86 /* Roboto-Light.ttf in Resources */ = {isa = PBXBuildFile; fileRef = 68FCB4BB1A6E595300A48C86 /* Roboto-Light.ttf */; };
		68FCB4C81A6E595300A48C86 /* Roboto-LightItalic.ttf in Resources */ = {isa = PBXBuildFile; fileRef = 68FCB4BC1A6E595300A48C86 /* Roboto-LightItalic.ttf */; };
		68FCB4C91A6E595300A48C86 /* Roboto-Medium.ttf in Resources */ = {isa = PBXBuildFile; fileRef = 68FCB4BD1A6E595300A48C86 /* Roboto-Medium.ttf */; };
		68FCB4CA1A6E595300A48C86 /* Roboto-MediumItalic.ttf in Resources */ = {isa = PBXBuildFile; fileRef = 68FCB4BE1A6E595300A48C86 /* Roboto-MediumItalic.ttf */; };
		68FCB4CB1A6E595300A48C86 /* Roboto-Regular.ttf in Resources */ = {isa = PBXBuildFile; fileRef = 68FCB4BF1A6E595300A48C86 /* Roboto-Regular.ttf */; };
		68FCB4CC1A6E595300A48C86 /* Roboto-Thin.ttf in Resources */ = {isa = PBXBuildFile; fileRef = 68FCB4C01A6E595300A48C86 /* Roboto-Thin.ttf */; };
		68FCB4CD1A6E595300A48C86 /* Roboto-ThinItalic.ttf in Resources */ = {isa = PBXBuildFile; fileRef = 68FCB4C11A6E595300A48C86 /* Roboto-ThinItalic.ttf */; };
/* End PBXBuildFile section */

/* Begin PBXContainerItemProxy section */
		68171C1C19ADDC45000AFEEB /* PBXContainerItemProxy */ = {
			isa = PBXContainerItemProxy;
			containerPortal = 68171C1719ADDC45000AFEEB /* ShinobiPlayUtils.xcodeproj */;
			proxyType = 2;
			remoteGlobalIDString = 68793C011959855D009C17BD;
			remoteInfo = ShinobiPlayUtils;
		};
		68171C1E19ADDC45000AFEEB /* PBXContainerItemProxy */ = {
			isa = PBXContainerItemProxy;
			containerPortal = 68171C1719ADDC45000AFEEB /* ShinobiPlayUtils.xcodeproj */;
			proxyType = 2;
			remoteGlobalIDString = 68793C111959855E009C17BD;
			remoteInfo = ShinobiPlayUtilsTests;
		};
		68171C2019ADDCCB000AFEEB /* PBXContainerItemProxy */ = {
			isa = PBXContainerItemProxy;
			containerPortal = 68171C1719ADDC45000AFEEB /* ShinobiPlayUtils.xcodeproj */;
			proxyType = 1;
			remoteGlobalIDString = 68793C001959855D009C17BD;
			remoteInfo = ShinobiPlayUtils;
		};
/* End PBXContainerItemProxy section */

/* Begin PBXFileReference section */
		5425962F1A9CC213000F1D73 /* GaugesDashboardRoomData.plist */ = {isa = PBXFileReference; fileEncoding = 4; lastKnownFileType = text.plist.xml; path = GaugesDashboardRoomData.plist; sourceTree = "<group>"; };
		542596311A9CC2D7000F1D73 /* GaugesDashboardInformationView.h */ = {isa = PBXFileReference; fileEncoding = 4; lastKnownFileType = sourcecode.c.h; path = GaugesDashboardInformationView.h; sourceTree = "<group>"; };
		542596321A9CC2D7000F1D73 /* GaugesDashboardInformationView.m */ = {isa = PBXFileReference; fileEncoding = 4; lastKnownFileType = sourcecode.c.objc; path = GaugesDashboardInformationView.m; sourceTree = "<group>"; };
		542D05291A9DE916003F3769 /* ShinobiGauges.framework */ = {isa = PBXFileReference; lastKnownFileType = wrapper.framework; name = ShinobiGauges.framework; path = ../../../../../Library/ShinobiGauges/ShinobiGauges.framework; sourceTree = "<group>"; };
		542D052B1A9DED29003F3769 /* UIColor+GaugesDashboardColor.h */ = {isa = PBXFileReference; fileEncoding = 4; lastKnownFileType = sourcecode.c.h; path = "UIColor+GaugesDashboardColor.h"; sourceTree = "<group>"; };
		542D052C1A9DED29003F3769 /* UIColor+GaugesDashboardColor.m */ = {isa = PBXFileReference; fileEncoding = 4; lastKnownFileType = sourcecode.c.objc; path = "UIColor+GaugesDashboardColor.m"; sourceTree = "<group>"; };
		542D05331A9E12C3003F3769 /* GaugesDashboardRoomView.h */ = {isa = PBXFileReference; fileEncoding = 4; lastKnownFileType = sourcecode.c.h; path = GaugesDashboardRoomView.h; sourceTree = "<group>"; };
		542D05341A9E12C3003F3769 /* GaugesDashboardRoomView.m */ = {isa = PBXFileReference; fileEncoding = 4; lastKnownFileType = sourcecode.c.objc; path = GaugesDashboardRoomView.m; sourceTree = "<group>"; };
		542D05361A9E1402003F3769 /* GaugesDashboardRoomInfo.h */ = {isa = PBXFileReference; fileEncoding = 4; lastKnownFileType = sourcecode.c.h; path = GaugesDashboardRoomInfo.h; sourceTree = "<group>"; };
		542D05371A9E1402003F3769 /* GaugesDashboardRoomInfo.m */ = {isa = PBXFileReference; fileEncoding = 4; lastKnownFileType = sourcecode.c.objc; path = GaugesDashboardRoomInfo.m; sourceTree = "<group>"; };
		68171BDD19ADDBC5000AFEEB /* GaugesDashboard.app */ = {isa = PBXFileReference; explicitFileType = wrapper.application; includeInIndex = 0; path = GaugesDashboard.app; sourceTree = BUILT_PRODUCTS_DIR; };
		68171BE019ADDBC5000AFEEB /* Foundation.framework */ = {isa = PBXFileReference; lastKnownFileType = wrapper.framework; name = Foundation.framework; path = System/Library/Frameworks/Foundation.framework; sourceTree = SDKROOT; };
		68171BE219ADDBC5000AFEEB /* CoreGraphics.framework */ = {isa = PBXFileReference; lastKnownFileType = wrapper.framework; name = CoreGraphics.framework; path = System/Library/Frameworks/CoreGraphics.framework; sourceTree = SDKROOT; };
		68171BE419ADDBC5000AFEEB /* UIKit.framework */ = {isa = PBXFileReference; lastKnownFileType = wrapper.framework; name = UIKit.framework; path = System/Library/Frameworks/UIKit.framework; sourceTree = SDKROOT; };
		68171BE819ADDBC5000AFEEB /* GaugesDashboard-Info.plist */ = {isa = PBXFileReference; lastKnownFileType = text.plist.xml; path = "GaugesDashboard-Info.plist"; sourceTree = "<group>"; };
		68171BEA19ADDBC5000AFEEB /* en */ = {isa = PBXFileReference; lastKnownFileType = text.plist.strings; name = en; path = en.lproj/InfoPlist.strings; sourceTree = "<group>"; };
		68171BEC19ADDBC5000AFEEB /* main.m */ = {isa = PBXFileReference; lastKnownFileType = sourcecode.c.objc; lineEnding = 0; path = main.m; sourceTree = "<group>"; };
		68171BEE19ADDBC5000AFEEB /* GaugesDashboard-Prefix.pch */ = {isa = PBXFileReference; lastKnownFileType = sourcecode.c.h; path = "GaugesDashboard-Prefix.pch"; sourceTree = "<group>"; };
		68171BEF19ADDBC5000AFEEB /* GaugesDashboardAppDelegate.h */ = {isa = PBXFileReference; lastKnownFileType = sourcecode.c.h; path = GaugesDashboardAppDelegate.h; sourceTree = "<group>"; };
		68171BF019ADDBC5000AFEEB /* GaugesDashboardAppDelegate.m */ = {isa = PBXFileReference; lastKnownFileType = sourcecode.c.objc; lineEnding = 0; path = GaugesDashboardAppDelegate.m; sourceTree = "<group>"; };
		68171BF319ADDBC5000AFEEB /* Base */ = {isa = PBXFileReference; lastKnownFileType = file.storyboard; name = Base; path = Base.lproj/GaugesDashboard.storyboard; sourceTree = "<group>"; };
		68171BF519ADDBC5000AFEEB /* GaugesDashboardViewController.h */ = {isa = PBXFileReference; lastKnownFileType = sourcecode.c.h; lineEnding = 0; path = GaugesDashboardViewController.h; sourceTree = "<group>"; };
		68171BF619ADDBC5000AFEEB /* GaugesDashboardViewController.m */ = {isa = PBXFileReference; lastKnownFileType = sourcecode.c.objc; lineEnding = 0; path = GaugesDashboardViewController.m; sourceTree = "<group>"; };
		68171BF819ADDBC5000AFEEB /* Images.xcassets */ = {isa = PBXFileReference; lastKnownFileType = folder.assetcatalog; path = Images.xcassets; sourceTree = "<group>"; };
		68171BFF19ADDBC5000AFEEB /* XCTest.framework */ = {isa = PBXFileReference; lastKnownFileType = wrapper.framework; name = XCTest.framework; path = Library/Frameworks/XCTest.framework; sourceTree = DEVELOPER_DIR; };
		68171C1519ADDC04000AFEEB /* QuartzCore.framework */ = {isa = PBXFileReference; lastKnownFileType = wrapper.framework; name = QuartzCore.framework; path = System/Library/Frameworks/QuartzCore.framework; sourceTree = SDKROOT; };
		68171C1719ADDC45000AFEEB /* ShinobiPlayUtils.xcodeproj */ = {isa = PBXFileReference; lastKnownFileType = "wrapper.pb-project"; name = ShinobiPlayUtils.xcodeproj; path = ShinobiPlayUtils/ShinobiPlayUtils/ShinobiPlayUtils.xcodeproj; sourceTree = "<group>"; };
		68FCB4B61A6E595300A48C86 /* Roboto-Black.ttf */ = {isa = PBXFileReference; lastKnownFileType = file; path = "Roboto-Black.ttf"; sourceTree = "<group>"; };
		68FCB4B71A6E595300A48C86 /* Roboto-BlackItalic.ttf */ = {isa = PBXFileReference; lastKnownFileType = file; path = "Roboto-BlackItalic.ttf"; sourceTree = "<group>"; };
		68FCB4B81A6E595300A48C86 /* Roboto-Bold.ttf */ = {isa = PBXFileReference; lastKnownFileType = file; path = "Roboto-Bold.ttf"; sourceTree = "<group>"; };
		68FCB4B91A6E595300A48C86 /* Roboto-BoldItalic.ttf */ = {isa = PBXFileReference; lastKnownFileType = file; path = "Roboto-BoldItalic.ttf"; sourceTree = "<group>"; };
		68FCB4BA1A6E595300A48C86 /* Roboto-Italic.ttf */ = {isa = PBXFileReference; lastKnownFileType = file; path = "Roboto-Italic.ttf"; sourceTree = "<group>"; };
		68FCB4BB1A6E595300A48C86 /* Roboto-Light.ttf */ = {isa = PBXFileReference; lastKnownFileType = file; path = "Roboto-Light.ttf"; sourceTree = "<group>"; };
		68FCB4BC1A6E595300A48C86 /* Roboto-LightItalic.ttf */ = {isa = PBXFileReference; lastKnownFileType = file; path = "Roboto-LightItalic.ttf"; sourceTree = "<group>"; };
		68FCB4BD1A6E595300A48C86 /* Roboto-Medium.ttf */ = {isa = PBXFileReference; lastKnownFileType = file; path = "Roboto-Medium.ttf"; sourceTree = "<group>"; };
		68FCB4BE1A6E595300A48C86 /* Roboto-MediumItalic.ttf */ = {isa = PBXFileReference; lastKnownFileType = file; path = "Roboto-MediumItalic.ttf"; sourceTree = "<group>"; };
		68FCB4BF1A6E595300A48C86 /* Roboto-Regular.ttf */ = {isa = PBXFileReference; lastKnownFileType = file; path = "Roboto-Regular.ttf"; sourceTree = "<group>"; };
		68FCB4C01A6E595300A48C86 /* Roboto-Thin.ttf */ = {isa = PBXFileReference; lastKnownFileType = file; path = "Roboto-Thin.ttf"; sourceTree = "<group>"; };
		68FCB4C11A6E595300A48C86 /* Roboto-ThinItalic.ttf */ = {isa = PBXFileReference; lastKnownFileType = file; path = "Roboto-ThinItalic.ttf"; sourceTree = "<group>"; };
/* End PBXFileReference section */

/* Begin PBXFrameworksBuildPhase section */
		68171BDA19ADDBC5000AFEEB /* Frameworks */ = {
			isa = PBXFrameworksBuildPhase;
			buildActionMask = 2147483647;
			files = (
				68171C2219ADDCD6000AFEEB /* libShinobiPlayUtils.a in Frameworks */,
				68171C1619ADDC04000AFEEB /* QuartzCore.framework in Frameworks */,
				68171BE319ADDBC5000AFEEB /* CoreGraphics.framework in Frameworks */,
				68171BE519ADDBC5000AFEEB /* UIKit.framework in Frameworks */,
				68171BE119ADDBC5000AFEEB /* Foundation.framework in Frameworks */,
				542D052A1A9DE916003F3769 /* ShinobiGauges.framework in Frameworks */,
			);
			runOnlyForDeploymentPostprocessing = 0;
		};
/* End PBXFrameworksBuildPhase section */

/* Begin PBXGroup section */
		542596341A9CC2DB000F1D73 /* CustomViews */ = {
			isa = PBXGroup;
			children = (
				542D05331A9E12C3003F3769 /* GaugesDashboardRoomView.h */,
				542D05341A9E12C3003F3769 /* GaugesDashboardRoomView.m */,
				542596311A9CC2D7000F1D73 /* GaugesDashboardInformationView.h */,
				542596321A9CC2D7000F1D73 /* GaugesDashboardInformationView.m */,
			);
			name = CustomViews;
			sourceTree = "<group>";
		};
		542596351A9CC2ED000F1D73 /* Data */ = {
			isa = PBXGroup;
			children = (
				5425962F1A9CC213000F1D73 /* GaugesDashboardRoomData.plist */,
				542D05361A9E1402003F3769 /* GaugesDashboardRoomInfo.h */,
				542D05371A9E1402003F3769 /* GaugesDashboardRoomInfo.m */,
			);
			name = Data;
			sourceTree = "<group>";
		};
		68171BD419ADDBC5000AFEEB = {
			isa = PBXGroup;
			children = (
				68171C1719ADDC45000AFEEB /* ShinobiPlayUtils.xcodeproj */,
				68171BE619ADDBC5000AFEEB /* GaugesDashboard */,
				68171BDF19ADDBC5000AFEEB /* Frameworks */,
				68171BDE19ADDBC5000AFEEB /* Products */,
			);
			sourceTree = "<group>";
		};
		68171BDE19ADDBC5000AFEEB /* Products */ = {
			isa = PBXGroup;
			children = (
				68171BDD19ADDBC5000AFEEB /* GaugesDashboard.app */,
			);
			name = Products;
			sourceTree = "<group>";
		};
		68171BDF19ADDBC5000AFEEB /* Frameworks */ = {
			isa = PBXGroup;
			children = (
				542D05291A9DE916003F3769 /* ShinobiGauges.framework */,
				68171C1519ADDC04000AFEEB /* QuartzCore.framework */,
				68171BE019ADDBC5000AFEEB /* Foundation.framework */,
				68171BE219ADDBC5000AFEEB /* CoreGraphics.framework */,
				68171BE419ADDBC5000AFEEB /* UIKit.framework */,
				68171BFF19ADDBC5000AFEEB /* XCTest.framework */,
			);
			name = Frameworks;
			sourceTree = "<group>";
		};
		68171BE619ADDBC5000AFEEB /* GaugesDashboard */ = {
			isa = PBXGroup;
			children = (
				68FCB4B51A6E595300A48C86 /* Fonts */,
				542596351A9CC2ED000F1D73 /* Data */,
				542596341A9CC2DB000F1D73 /* CustomViews */,
				68171BEF19ADDBC5000AFEEB /* GaugesDashboardAppDelegate.h */,
				68171BF019ADDBC5000AFEEB /* GaugesDashboardAppDelegate.m */,
				68171BF219ADDBC5000AFEEB /* GaugesDashboard.storyboard */,
				68171BF519ADDBC5000AFEEB /* GaugesDashboardViewController.h */,
				68171BF619ADDBC5000AFEEB /* GaugesDashboardViewController.m */,
				542D052B1A9DED29003F3769 /* UIColor+GaugesDashboardColor.h */,
				542D052C1A9DED29003F3769 /* UIColor+GaugesDashboardColor.m */,
				68171BF819ADDBC5000AFEEB /* Images.xcassets */,
				68171BE719ADDBC5000AFEEB /* Supporting Files */,
			);
			path = GaugesDashboard;
			sourceTree = "<group>";
		};
		68171BE719ADDBC5000AFEEB /* Supporting Files */ = {
			isa = PBXGroup;
			children = (
				68171BE819ADDBC5000AFEEB /* GaugesDashboard-Info.plist */,
				68171BE919ADDBC5000AFEEB /* InfoPlist.strings */,
				68171BEC19ADDBC5000AFEEB /* main.m */,
				68171BEE19ADDBC5000AFEEB /* GaugesDashboard-Prefix.pch */,
			);
			name = "Supporting Files";
			sourceTree = "<group>";
		};
		68171C1819ADDC45000AFEEB /* Products */ = {
			isa = PBXGroup;
			children = (
				68171C1D19ADDC45000AFEEB /* libShinobiPlayUtils.a */,
				68171C1F19ADDC45000AFEEB /* ShinobiPlayUtilsTests.xctest */,
			);
			name = Products;
			sourceTree = "<group>";
		};
		68FCB4B51A6E595300A48C86 /* Fonts */ = {
			isa = PBXGroup;
			children = (
				68FCB4B61A6E595300A48C86 /* Roboto-Black.ttf */,
				68FCB4B71A6E595300A48C86 /* Roboto-BlackItalic.ttf */,
				68FCB4B81A6E595300A48C86 /* Roboto-Bold.ttf */,
				68FCB4B91A6E595300A48C86 /* Roboto-BoldItalic.ttf */,
				68FCB4BA1A6E595300A48C86 /* Roboto-Italic.ttf */,
				68FCB4BB1A6E595300A48C86 /* Roboto-Light.ttf */,
				68FCB4BC1A6E595300A48C86 /* Roboto-LightItalic.ttf */,
				68FCB4BD1A6E595300A48C86 /* Roboto-Medium.ttf */,
				68FCB4BE1A6E595300A48C86 /* Roboto-MediumItalic.ttf */,
				68FCB4BF1A6E595300A48C86 /* Roboto-Regular.ttf */,
				68FCB4C01A6E595300A48C86 /* Roboto-Thin.ttf */,
				68FCB4C11A6E595300A48C86 /* Roboto-ThinItalic.ttf */,
			);
			name = Fonts;
			path = ShinobiPlayUtils/ShinobiPlayUtils/ShinobiPlayUtils/Fonts;
			sourceTree = SOURCE_ROOT;
		};
/* End PBXGroup section */

/* Begin PBXNativeTarget section */
		68171BDC19ADDBC5000AFEEB /* GaugesDashboard */ = {
			isa = PBXNativeTarget;
			buildConfigurationList = 68171C0F19ADDBC5000AFEEB /* Build configuration list for PBXNativeTarget "GaugesDashboard" */;
			buildPhases = (
				68171BD919ADDBC5000AFEEB /* Sources */,
				68171BDA19ADDBC5000AFEEB /* Frameworks */,
				68171BDB19ADDBC5000AFEEB /* Resources */,
			);
			buildRules = (
			);
			dependencies = (
				68171C2119ADDCCB000AFEEB /* PBXTargetDependency */,
			);
			name = GaugesDashboard;
			productName = GaugesDashboard;
			productReference = 68171BDD19ADDBC5000AFEEB /* GaugesDashboard.app */;
			productType = "com.apple.product-type.application";
		};
/* End PBXNativeTarget section */

/* Begin PBXProject section */
		68171BD519ADDBC5000AFEEB /* Project object */ = {
			isa = PBXProject;
			attributes = {
				CLASSPREFIX = GaugesDashboard;
				LastUpgradeCheck = 0510;
				ORGANIZATIONNAME = "Alison Clarke";
			};
			buildConfigurationList = 68171BD819ADDBC5000AFEEB /* Build configuration list for PBXProject "GaugesDashboard" */;
			compatibilityVersion = "Xcode 3.2";
			developmentRegion = English;
			hasScannedForEncodings = 0;
			knownRegions = (
				en,
				Base,
			);
			mainGroup = 68171BD419ADDBC5000AFEEB;
			productRefGroup = 68171BDE19ADDBC5000AFEEB /* Products */;
			projectDirPath = "";
			projectReferences = (
				{
					ProductGroup = 68171C1819ADDC45000AFEEB /* Products */;
					ProjectRef = 68171C1719ADDC45000AFEEB /* ShinobiPlayUtils.xcodeproj */;
				},
			);
			projectRoot = "";
			targets = (
				68171BDC19ADDBC5000AFEEB /* GaugesDashboard */,
			);
		};
/* End PBXProject section */

/* Begin PBXReferenceProxy section */
		68171C1D19ADDC45000AFEEB /* libShinobiPlayUtils.a */ = {
			isa = PBXReferenceProxy;
			fileType = archive.ar;
			path = libShinobiPlayUtils.a;
			remoteRef = 68171C1C19ADDC45000AFEEB /* PBXContainerItemProxy */;
			sourceTree = BUILT_PRODUCTS_DIR;
		};
		68171C1F19ADDC45000AFEEB /* ShinobiPlayUtilsTests.xctest */ = {
			isa = PBXReferenceProxy;
			fileType = wrapper.cfbundle;
			path = ShinobiPlayUtilsTests.xctest;
			remoteRef = 68171C1E19ADDC45000AFEEB /* PBXContainerItemProxy */;
			sourceTree = BUILT_PRODUCTS_DIR;
		};
/* End PBXReferenceProxy section */

/* Begin PBXResourcesBuildPhase section */
		68171BDB19ADDBC5000AFEEB /* Resources */ = {
			isa = PBXResourcesBuildPhase;
			buildActionMask = 2147483647;
			files = (
				542D05321A9DF3C7003F3769 /* GaugesDashboardRoomData.plist in Resources */,
				68FCB4CD1A6E595300A48C86 /* Roboto-ThinItalic.ttf in Resources */,
				68FCB4CC1A6E595300A48C86 /* Roboto-Thin.ttf in Resources */,
				68171BF919ADDBC5000AFEEB /* Images.xcassets in Resources */,
				68171BEB19ADDBC5000AFEEB /* InfoPlist.strings in Resources */,
				68FCB4C81A6E595300A48C86 /* Roboto-LightItalic.ttf in Resources */,
				68FCB4C41A6E595300A48C86 /* Roboto-Bold.ttf in Resources */,
				68FCB4CA1A6E595300A48C86 /* Roboto-MediumItalic.ttf in Resources */,
				68FCB4C31A6E595300A48C86 /* Roboto-BlackItalic.ttf in Resources */,
				68171BF419ADDBC5000AFEEB /* GaugesDashboard.storyboard in Resources */,
				68FCB4C61A6E595300A48C86 /* Roboto-Italic.ttf in Resources */,
				68FCB4C51A6E595300A48C86 /* Roboto-BoldItalic.ttf in Resources */,
				68FCB4C91A6E595300A48C86 /* Roboto-Medium.ttf in Resources */,
				68FCB4CB1A6E595300A48C86 /* Roboto-Regular.ttf in Resources */,
				68FCB4C21A6E595300A48C86 /* Roboto-Black.ttf in Resources */,
				68FCB4C71A6E595300A48C86 /* Roboto-Light.ttf in Resources */,
			);
			runOnlyForDeploymentPostprocessing = 0;
		};
/* End PBXResourcesBuildPhase section */

/* Begin PBXSourcesBuildPhase section */
		68171BD919ADDBC5000AFEEB /* Sources */ = {
			isa = PBXSourcesBuildPhase;
			buildActionMask = 2147483647;
			files = (
				542596331A9CC2D7000F1D73 /* GaugesDashboardInformationView.m in Sources */,
				68171BF119ADDBC5000AFEEB /* GaugesDashboardAppDelegate.m in Sources */,
				542D052D1A9DED29003F3769 /* UIColor+GaugesDashboardColor.m in Sources */,
				68171BED19ADDBC5000AFEEB /* main.m in Sources */,
				542D05381A9E1402003F3769 /* GaugesDashboardRoomInfo.m in Sources */,
				542D05351A9E12C3003F3769 /* GaugesDashboardRoomView.m in Sources */,
				68171BF719ADDBC5000AFEEB /* GaugesDashboardViewController.m in Sources */,
			);
			runOnlyForDeploymentPostprocessing = 0;
		};
/* End PBXSourcesBuildPhase section */

/* Begin PBXTargetDependency section */
		68171C2119ADDCCB000AFEEB /* PBXTargetDependency */ = {
			isa = PBXTargetDependency;
			name = ShinobiPlayUtils;
			targetProxy = 68171C2019ADDCCB000AFEEB /* PBXContainerItemProxy */;
		};
/* End PBXTargetDependency section */

/* Begin PBXVariantGroup section */
		68171BE919ADDBC5000AFEEB /* InfoPlist.strings */ = {
			isa = PBXVariantGroup;
			children = (
				68171BEA19ADDBC5000AFEEB /* en */,
			);
			name = InfoPlist.strings;
			sourceTree = "<group>";
		};
		68171BF219ADDBC5000AFEEB /* GaugesDashboard.storyboard */ = {
			isa = PBXVariantGroup;
			children = (
				68171BF319ADDBC5000AFEEB /* Base */,
			);
			name = GaugesDashboard.storyboard;
			sourceTree = "<group>";
		};
/* End PBXVariantGroup section */

/* Begin XCBuildConfiguration section */
		68171C0D19ADDBC5000AFEEB /* Debug */ = {
			isa = XCBuildConfiguration;
			buildSettings = {
				ALWAYS_SEARCH_USER_PATHS = NO;
				CLANG_CXX_LANGUAGE_STANDARD = "gnu++0x";
				CLANG_CXX_LIBRARY = "libc++";
				CLANG_ENABLE_MODULES = YES;
				CLANG_ENABLE_OBJC_ARC = YES;
				CLANG_WARN_BOOL_CONVERSION = YES;
				CLANG_WARN_CONSTANT_CONVERSION = YES;
				CLANG_WARN_DIRECT_OBJC_ISA_USAGE = YES_ERROR;
				CLANG_WARN_EMPTY_BODY = YES;
				CLANG_WARN_ENUM_CONVERSION = YES;
				CLANG_WARN_INT_CONVERSION = YES;
				CLANG_WARN_OBJC_ROOT_CLASS = YES_ERROR;
				CLANG_WARN__DUPLICATE_METHOD_MATCH = YES;
				"CODE_SIGN_IDENTITY[sdk=iphoneos*]" = "iPhone Developer";
				COPY_PHASE_STRIP = NO;
				GCC_C_LANGUAGE_STANDARD = gnu99;
				GCC_DYNAMIC_NO_PIC = NO;
				GCC_OPTIMIZATION_LEVEL = 0;
				GCC_PREPROCESSOR_DEFINITIONS = (
					"DEBUG=1",
					"$(inherited)",
				);
				GCC_SYMBOLS_PRIVATE_EXTERN = NO;
				GCC_WARN_64_TO_32_BIT_CONVERSION = YES;
				GCC_WARN_ABOUT_RETURN_TYPE = YES_ERROR;
				GCC_WARN_UNDECLARED_SELECTOR = YES;
				GCC_WARN_UNINITIALIZED_AUTOS = YES_AGGRESSIVE;
				GCC_WARN_UNUSED_FUNCTION = YES;
				GCC_WARN_UNUSED_VARIABLE = YES;
				IPHONEOS_DEPLOYMENT_TARGET = 7.1;
				ONLY_ACTIVE_ARCH = YES;
				SDKROOT = iphoneos;
				TARGETED_DEVICE_FAMILY = 2;
			};
			name = Debug;
		};
		68171C0E19ADDBC5000AFEEB /* Release */ = {
			isa = XCBuildConfiguration;
			buildSettings = {
				ALWAYS_SEARCH_USER_PATHS = NO;
				CLANG_CXX_LANGUAGE_STANDARD = "gnu++0x";
				CLANG_CXX_LIBRARY = "libc++";
				CLANG_ENABLE_MODULES = YES;
				CLANG_ENABLE_OBJC_ARC = YES;
				CLANG_WARN_BOOL_CONVERSION = YES;
				CLANG_WARN_CONSTANT_CONVERSION = YES;
				CLANG_WARN_DIRECT_OBJC_ISA_USAGE = YES_ERROR;
				CLANG_WARN_EMPTY_BODY = YES;
				CLANG_WARN_ENUM_CONVERSION = YES;
				CLANG_WARN_INT_CONVERSION = YES;
				CLANG_WARN_OBJC_ROOT_CLASS = YES_ERROR;
				CLANG_WARN__DUPLICATE_METHOD_MATCH = YES;
				"CODE_SIGN_IDENTITY[sdk=iphoneos*]" = "iPhone Developer";
				COPY_PHASE_STRIP = YES;
				ENABLE_NS_ASSERTIONS = NO;
				GCC_C_LANGUAGE_STANDARD = gnu99;
				GCC_WARN_64_TO_32_BIT_CONVERSION = YES;
				GCC_WARN_ABOUT_RETURN_TYPE = YES_ERROR;
				GCC_WARN_UNDECLARED_SELECTOR = YES;
				GCC_WARN_UNINITIALIZED_AUTOS = YES_AGGRESSIVE;
				GCC_WARN_UNUSED_FUNCTION = YES;
				GCC_WARN_UNUSED_VARIABLE = YES;
				IPHONEOS_DEPLOYMENT_TARGET = 7.1;
				SDKROOT = iphoneos;
				TARGETED_DEVICE_FAMILY = 2;
				VALIDATE_PRODUCT = YES;
			};
			name = Release;
		};
		68171C1019ADDBC5000AFEEB /* Debug */ = {
			isa = XCBuildConfiguration;
			buildSettings = {
				ASSETCATALOG_COMPILER_APPICON_NAME = AppIcon;
				ASSETCATALOG_COMPILER_LAUNCHIMAGE_NAME = LaunchImage;
				FRAMEWORK_SEARCH_PATHS = (
					"$(inherited)",
					"$(LOCAL_LIBRARY_DIR)/ShinobiEssentials",
					"$(LOCAL_LIBRARY_DIR)/ShinobiGauges",
				);
				GCC_PRECOMPILE_PREFIX_HEADER = YES;
				GCC_PREFIX_HEADER = "GaugesDashboard/GaugesDashboard-Prefix.pch";
				INFOPLIST_FILE = "GaugesDashboard/GaugesDashboard-Info.plist";
				OTHER_LDFLAGS = "-all_load";
				PRODUCT_NAME = GaugesDashboard;
				WRAPPER_EXTENSION = app;
			};
			name = Debug;
		};
		68171C1119ADDBC5000AFEEB /* Release */ = {
			isa = XCBuildConfiguration;
			buildSettings = {
				ASSETCATALOG_COMPILER_APPICON_NAME = AppIcon;
				ASSETCATALOG_COMPILER_LAUNCHIMAGE_NAME = LaunchImage;
				FRAMEWORK_SEARCH_PATHS = (
					"$(inherited)",
					"$(LOCAL_LIBRARY_DIR)/ShinobiEssentials",
					"$(LOCAL_LIBRARY_DIR)/ShinobiGauges",
				);
				GCC_PRECOMPILE_PREFIX_HEADER = YES;
				GCC_PREFIX_HEADER = "GaugesDashboard/GaugesDashboard-Prefix.pch";
				INFOPLIST_FILE = "GaugesDashboard/GaugesDashboard-Info.plist";
				OTHER_LDFLAGS = "-all_load";
				PRODUCT_NAME = GaugesDashboard;
				WRAPPER_EXTENSION = app;
			};
			name = Release;
		};
/* End XCBuildConfiguration section */

/* Begin XCConfigurationList section */
		68171BD819ADDBC5000AFEEB /* Build configuration list for PBXProject "GaugesDashboard" */ = {
			isa = XCConfigurationList;
			buildConfigurations = (
				68171C0D19ADDBC5000AFEEB /* Debug */,
				68171C0E19ADDBC5000AFEEB /* Release */,
			);
			defaultConfigurationIsVisible = 0;
			defaultConfigurationName = Release;
		};
		68171C0F19ADDBC5000AFEEB /* Build configuration list for PBXNativeTarget "GaugesDashboard" */ = {
			isa = XCConfigurationList;
			buildConfigurations = (
				68171C1019ADDBC5000AFEEB /* Debug */,
				68171C1119ADDBC5000AFEEB /* Release */,
			);
			defaultConfigurationIsVisible = 0;
			defaultConfigurationName = Release;
		};
/* End XCConfigurationList section */
	};
	rootObject = 68171BD519ADDBC5000AFEEB /* Project object */;
}
